
Microsoft Visual Studio Solution File, Format Version 12.00
# Visual Studio 14
VisualStudioVersion = 14.0.25420.1
MinimumVisualStudioVersion = 10.0.40219.1
Project("{FAE04EC0-301F-11D3-BF4B-00C04F79EFBC}") = "Business", "Business\Business.csproj", "{6DD38611-71F9-4787-B19B-3D40759AF9DC}"
EndProject
Project("{FAE04EC0-301F-11D3-BF4B-00C04F79EFBC}") = "WebApp", "WebApp\WebApp.csproj", "{1A1D5EED-3406-47F8-BF4D-3C9B75B50BB6}"
EndProject
Project("{FAE04EC0-301F-11D3-BF4B-00C04F79EFBC}") = "WebAppUnitTests", "WebAppUnitTests\WebAppUnitTests.csproj", "{D2821B1E-5D7C-44F1-BB90-706FA3CD65AC}"
EndProject
Global
	GlobalSection(SolutionConfigurationPlatforms) = preSolution
		Debug|Any CPU = Debug|Any CPU
		Release|Any CPU = Release|Any CPU
	EndGlobalSection
	GlobalSection(ProjectConfigurationPlatforms) = postSolution
		{6DD38611-71F9-4787-B19B-3D40759AF9DC}.Debug|Any CPU.ActiveCfg = Debug|Any CPU
		{6DD38611-71F9-4787-B19B-3D40759AF9DC}.Debug|Any CPU.Build.0 = Debug|Any CPU
		{6DD38611-71F9-4787-B19B-3D40759AF9DC}.Release|Any CPU.ActiveCfg = Release|Any CPU
		{6DD38611-71F9-4787-B19B-3D40759AF9DC}.Release|Any CPU.Build.0 = Release|Any CPU
		{1A1D5EED-3406-47F8-BF4D-3C9B75B50BB6}.Debug|Any CPU.ActiveCfg = Debug|Any CPU
		{1A1D5EED-3406-47F8-BF4D-3C9B75B50BB6}.Debug|Any CPU.Build.0 = Debug|Any CPU
		{1A1D5EED-3406-47F8-BF4D-3C9B75B50BB6}.Release|Any CPU.ActiveCfg = Release|Any CPU
		{1A1D5EED-3406-47F8-BF4D-3C9B75B50BB6}.Release|Any CPU.Build.0 = Release|Any CPU
		{D2821B1E-5D7C-44F1-BB90-706FA3CD65AC}.Debug|Any CPU.ActiveCfg = Debug|Any CPU
		{D2821B1E-5D7C-44F1-BB90-706FA3CD65AC}.Debug|Any CPU.Build.0 = Debug|Any CPU
		{D2821B1E-5D7C-44F1-BB90-706FA3CD65AC}.Release|Any CPU.ActiveCfg = Release|Any CPU
		{D2821B1E-5D7C-44F1-BB90-706FA3CD65AC}.Release|Any CPU.Build.0 = Release|Any CPU
	EndGlobalSection
	GlobalSection(SolutionProperties) = preSolution
		HideSolutionNode = FALSE
	EndGlobalSection
EndGlobal
